{
  "pins" : [
    {
      "identity" : "catuiserver.swift",
      "kind" : "remoteSourceControl",
      "location" : "https://github.com/gulachek/CatuiServer.swift.git",
      "state" : {
        "branch" : "master",
        "revision" : "27eab552946109cf13259b3411573257f0c36958"
      }
    }
  ],
  "version" : 2
}
